{
  "nodes": {
    "nixpkgs": {
      "locked": {
        "lastModified": 1732216197,
        "narHash": "sha256-z9Krkgy+KRHS4f4bfWZiz6bTb6JNTV5jk92/sXdStjw=",
        "owner": "nixos",
        "repo": "nixpkgs",
        "rev": "6f7c18e904bff19052a34498797247402fb548fe",
        "type": "github"
      },
      "original": {
        "owner": "nixos",
        "repo": "nixpkgs",
        "type": "github"
      }
    },
    "root": {
      "inputs": {
        "nixpkgs": "nixpkgs"
      }
    }
  },
  "root": "root",
  "version": 7
}
