{
  "nodes": {
    "nixpkgs": {
      "locked": {
        "lastModified": 1731592670,
        "narHash": "sha256-rZBlOLOKsHgtZYa67kdUIwnSFM3jrP3i+/lW6DDxa4I=",
        "owner": "nixos",
        "repo": "nixpkgs",
        "rev": "73c671819b193dfcd82aff12521d16950408d654",
        "type": "github"
      },
      "original": {
        "owner": "nixos",
        "repo": "nixpkgs",
        "type": "github"
      }
    },
    "root": {
      "inputs": {
        "nixpkgs": "nixpkgs"
      }
    }
  },
  "root": "root",
  "version": 7
}
